{
  "originHash" : "a3679f727dbacfd12640041f8f201f9a064fd86753bfc081bb6a4a83c3392b37",
  "pins" : [
    {
      "identity" : "flocksdk-ios",
      "kind" : "remoteSourceControl",
      "location" : "https://github.com/hoadnguyen/FlockSDK-iOS.git",
      "state" : {
        "branch" : "main",
        "revision" : "7aa04173aa943e1517ff1596e35c8f03bea83aa5"
      }
    }
  ],
  "version" : 3
}
