{
  "originHash" : "a3679f727dbacfd12640041f8f201f9a064fd86753bfc081bb6a4a83c3392b37",
  "pins" : [
    {
      "identity" : "flocksdk-ios",
      "kind" : "remoteSourceControl",
      "location" : "https://github.com/hoadnguyen/FlockSDK-iOS.git",
      "state" : {
        "branch" : "main",
        "revision" : "3376d172d967eff6c1c3cbed242278227a32dbe1"
      }
    }
  ],
  "version" : 3
}
