{
  "originHash" : "a3679f727dbacfd12640041f8f201f9a064fd86753bfc081bb6a4a83c3392b37",
  "pins" : [
    {
      "identity" : "flocksdk-ios",
      "kind" : "remoteSourceControl",
      "location" : "https://github.com/hoadnguyen/FlockSDK-iOS.git",
      "state" : {
        "branch" : "main",
        "revision" : "224c1ae547d3535bd3decdedbb64a7900bf7d4a2"
      }
    }
  ],
  "version" : 3
}
